
Microsoft Visual Studio Solution File, Format Version 12.00
# Visual Studio Version 16
VisualStudioVersion = 16.0.30523.141
MinimumVisualStudioVersion = 10.0.40219.1
Project("{FAE04EC0-301F-11D3-BF4B-00C04F79EFBC}") = "ConnectedArchitecture", "ConnectedArchitecture\ConnectedArchitecture.csproj", "{1E362CE6-78A2-452E-8C34-6860B7E6D170}"
EndProject
Project("{FAE04EC0-301F-11D3-BF4B-00C04F79EFBC}") = "DisconnectedArchitecture", "DisconnectedArchitecture\DisconnectedArchitecture.csproj", "{90A99AB2-AC78-43FE-BE72-329DD3BBBD66}"
EndProject
Project("{FAE04EC0-301F-11D3-BF4B-00C04F79EFBC}") = "TransactionScopeEg", "TransactionScopeEg\TransactionScopeEg.csproj", "{840BB847-FD28-40B5-8D2E-C40D001F9ADB}"
EndProject
Global
	GlobalSection(SolutionConfigurationPlatforms) = preSolution
		Debug|Any CPU = Debug|Any CPU
		Release|Any CPU = Release|Any CPU
	EndGlobalSection
	GlobalSection(ProjectConfigurationPlatforms) = postSolution
		{1E362CE6-78A2-452E-8C34-6860B7E6D170}.Debug|Any CPU.ActiveCfg = Debug|Any CPU
		{1E362CE6-78A2-452E-8C34-6860B7E6D170}.Debug|Any CPU.Build.0 = Debug|Any CPU
		{1E362CE6-78A2-452E-8C34-6860B7E6D170}.Release|Any CPU.ActiveCfg = Release|Any CPU
		{1E362CE6-78A2-452E-8C34-6860B7E6D170}.Release|Any CPU.Build.0 = Release|Any CPU
		{90A99AB2-AC78-43FE-BE72-329DD3BBBD66}.Debug|Any CPU.ActiveCfg = Debug|Any CPU
		{90A99AB2-AC78-43FE-BE72-329DD3BBBD66}.Debug|Any CPU.Build.0 = Debug|Any CPU
		{90A99AB2-AC78-43FE-BE72-329DD3BBBD66}.Release|Any CPU.ActiveCfg = Release|Any CPU
		{90A99AB2-AC78-43FE-BE72-329DD3BBBD66}.Release|Any CPU.Build.0 = Release|Any CPU
		{840BB847-FD28-40B5-8D2E-C40D001F9ADB}.Debug|Any CPU.ActiveCfg = Debug|Any CPU
		{840BB847-FD28-40B5-8D2E-C40D001F9ADB}.Debug|Any CPU.Build.0 = Debug|Any CPU
		{840BB847-FD28-40B5-8D2E-C40D001F9ADB}.Release|Any CPU.ActiveCfg = Release|Any CPU
		{840BB847-FD28-40B5-8D2E-C40D001F9ADB}.Release|Any CPU.Build.0 = Release|Any CPU
	EndGlobalSection
	GlobalSection(SolutionProperties) = preSolution
		HideSolutionNode = FALSE
	EndGlobalSection
	GlobalSection(ExtensibilityGlobals) = postSolution
		SolutionGuid = {62EE14BF-2D55-402E-83A4-944BA3704215}
	EndGlobalSection
EndGlobal
